tag: gvisor-cr-20260831
base: release-20260831.0
base_sha: fd2f6b2674208086e324c2f739155eb7e1b48ff2
branch: neev/cr-20260831
branch_sha: eb8206d8b0ab1d84bdfdd372c5318d57adc7be75
version_stamp: release-20260831.0-8-geb8206d8b0ab
fork: mayur-tolexo/gvisor
picked:
- pr: 13326
  upstream: 7a438259cb425e4c973ca789a5175eb7812c828b
  applied: a49465a547a35e0c9bc68cb9b88dc87cd464955f
  cherry: edb4fc079364895b94ebf733685bda2447c3b912
- pr: 14277
  upstream: 70d6103c4a33607ad8926ba077f4a28ee5c69226
  applied: 70d6103c4a33607ad8926ba077f4a28ee5c69226
  cherry: 9ba50e120bb7d8895ab386363c61711e29a6862b
- pr: 14277
  upstream: 24ddb729ca049176750e187669b21cb020b3f1fd
  applied: 24ddb729ca049176750e187669b21cb020b3f1fd
  cherry: f2d1f6b5d02ff991f5f9c4f746c5d6a69f4bf393
- pr: 14277
  upstream: 6fe819df3689f4dcbad205d0993f1ea94110e550
  applied: 6fe819df3689f4dcbad205d0993f1ea94110e550
  cherry: a6d420e690e6f9657ccc35b281e443952714c4cf
- pr: 14277
  upstream: 040bdf99e43982202187e245d18b0468bb9c1968
  applied: 040bdf99e43982202187e245d18b0468bb9c1968
  cherry: 5ba777d1237a8acc79e7e1ecffd308a6bcd9b347
- pr: 14072
  upstream: 660192acfcf97361d1daa4dbb6fc07b7e9ab7a01
  applied: 660192acfcf97361d1daa4dbb6fc07b7e9ab7a01
  cherry: 8c0ffd8af9ab74a54f7602502519f40d9df4c1cc
- pr: 14072
  upstream: 1f9cec32e316f2c8dfb798d78ecf51212158c182
  applied: 1f9cec32e316f2c8dfb798d78ecf51212158c182
  cherry: e217c9a8627fd151856e9f197d33a71fba312d10
- pr: 14428
  upstream: c04c9cbc2fb41b93b00d7948414a451b289ae96b
  applied: 1562639f911c88fb077343e92dc4e15c36a40746
  cherry: eb8206d8b0ab1d84bdfdd372c5318d57adc7be75
